// !$*UTF8*$!
{
	archiveVersion = 1;
	classes = {
	};
	objectVersion = 50;
	objects = {

/* Begin PBXBuildFile section */
		041C19FD261AAFA50025AB63 /* OrderViewModel.swift in Sources */ = {isa = PBXBuildFile; fileRef = 041C19FC261AAFA50025AB63 /* OrderViewModel.swift */; };
		041C1A00261AB4C20025AB63 /* AddOrderViewModel.swift in Sources */ = {isa = PBXBuildFile; fileRef = 041C19FF261AB4C20025AB63 /* AddOrderViewModel.swift */; };
		04B171642667695600826ACC /* AddCityViewModel.swift in Sources */ = {isa = PBXBuildFile; fileRef = 04B171632667695600826ACC /* AddCityViewModel.swift */; };
		04B171672667697E00826ACC /* Binding TextField.swift in Sources */ = {isa = PBXBuildFile; fileRef = 04B171662667697E00826ACC /* Binding TextField.swift */; };
		04B1716926676CE800826ACC /* WeatherDetailViewController.swift in Sources */ = {isa = PBXBuildFile; fileRef = 04B1716826676CE800826ACC /* WeatherDetailViewController.swift */; };
		04B4326C2640EF2900517591 /* WeatherTableViewController.swift in Sources */ = {isa = PBXBuildFile; fileRef = 04B4326B2640EF2900517591 /* WeatherTableViewController.swift */; };
		04B432702640F09500517591 /* AddWeatherViewController.swift in Sources */ = {isa = PBXBuildFile; fileRef = 04B4326F2640F09500517591 /* AddWeatherViewController.swift */; };
		04B432742640F57C00517591 /* WeatherKey.swift in Sources */ = {isa = PBXBuildFile; fileRef = 04B432732640F57C00517591 /* WeatherKey.swift */; };
		04E67685265DE40600FBE4E1 /* WeatherWebService.swift in Sources */ = {isa = PBXBuildFile; fileRef = 04E67684265DE40600FBE4E1 /* WeatherWebService.swift */; };
		04E67688265DE74500FBE4E1 /* WeatherResponse.swift in Sources */ = {isa = PBXBuildFile; fileRef = 04E67687265DE74500FBE4E1 /* WeatherResponse.swift */; };
		04E6768B265DE94200FBE4E1 /* AddWeatherViewModel.swift in Sources */ = {isa = PBXBuildFile; fileRef = 04E6768A265DE94200FBE4E1 /* AddWeatherViewModel.swift */; };
		04E6768E265DE98E00FBE4E1 /* Constants.swift in Sources */ = {isa = PBXBuildFile; fileRef = 04E6768D265DE98E00FBE4E1 /* Constants.swift */; };
		04E67691265DE9B000FBE4E1 /* String + Extensions.swift in Sources */ = {isa = PBXBuildFile; fileRef = 04E67690265DE9B000FBE4E1 /* String + Extensions.swift */; };
		04E67693265DEB6C00FBE4E1 /* WeatherListViewModel.swift in Sources */ = {isa = PBXBuildFile; fileRef = 04E67692265DEB6C00FBE4E1 /* WeatherListViewModel.swift */; };
		04E67695265DEF8B00FBE4E1 /* WeatherCell.swift in Sources */ = {isa = PBXBuildFile; fileRef = 04E67694265DEF8B00FBE4E1 /* WeatherCell.swift */; };
		04E67697265DF0D000FBE4E1 /* SettingViewModel.swift in Sources */ = {isa = PBXBuildFile; fileRef = 04E67696265DF0D000FBE4E1 /* SettingViewModel.swift */; };
		04E67699265DF23500FBE4E1 /* SettingTableViewController.swift in Sources */ = {isa = PBXBuildFile; fileRef = 04E67698265DF23500FBE4E1 /* SettingTableViewController.swift */; };
		04FB85B9261174D2000E594A /* AppDelegate.swift in Sources */ = {isa = PBXBuildFile; fileRef = 04FB85B8261174D2000E594A /* AppDelegate.swift */; };
		04FB85BB261174D2000E594A /* SceneDelegate.swift in Sources */ = {isa = PBXBuildFile; fileRef = 04FB85BA261174D2000E594A /* SceneDelegate.swift */; };
		04FB85C0261174D2000E594A /* Main.storyboard in Resources */ = {isa = PBXBuildFile; fileRef = 04FB85BE261174D2000E594A /* Main.storyboard */; };
		04FB85C2261174D4000E594A /* Assets.xcassets in Resources */ = {isa = PBXBuildFile; fileRef = 04FB85C1261174D4000E594A /* Assets.xcassets */; };
		04FB85C5261174D4000E594A /* LaunchScreen.storyboard in Resources */ = {isa = PBXBuildFile; fileRef = 04FB85C3261174D4000E594A /* LaunchScreen.storyboard */; };
		04FB85D42611765B000E594A /* OrderTableViewController.swift in Sources */ = {isa = PBXBuildFile; fileRef = 04FB85D32611765B000E594A /* OrderTableViewController.swift */; };
		04FB85D82611767B000E594A /* AddViewController.swift in Sources */ = {isa = PBXBuildFile; fileRef = 04FB85D72611767B000E594A /* AddViewController.swift */; };
		04FB85DC261179D4000E594A /* Webservice.swift in Sources */ = {isa = PBXBuildFile; fileRef = 04FB85DB261179D4000E594A /* Webservice.swift */; };
		04FB85DF26117B1E000E594A /* Order.swift in Sources */ = {isa = PBXBuildFile; fileRef = 04FB85DE26117B1E000E594A /* Order.swift */; };
/* End PBXBuildFile section */

/* Begin PBXFileReference section */
		041C19FC261AAFA50025AB63 /* OrderViewModel.swift */ = {isa = PBXFileReference; lastKnownFileType = sourcecode.swift; path = OrderViewModel.swift; sourceTree = "<group>"; };
		041C19FF261AB4C20025AB63 /* AddOrderViewModel.swift */ = {isa = PBXFileReference; lastKnownFileType = sourcecode.swift; path = AddOrderViewModel.swift; sourceTree = "<group>"; };
		04B171632667695600826ACC /* AddCityViewModel.swift */ = {isa = PBXFileReference; lastKnownFileType = sourcecode.swift; path = AddCityViewModel.swift; sourceTree = "<group>"; };
		04B171662667697E00826ACC /* Binding TextField.swift */ = {isa = PBXFileReference; lastKnownFileType = sourcecode.swift; path = "Binding TextField.swift"; sourceTree = "<group>"; };
		04B1716826676CE800826ACC /* WeatherDetailViewController.swift */ = {isa = PBXFileReference; lastKnownFileType = sourcecode.swift; path = WeatherDetailViewController.swift; sourceTree = "<group>"; };
		04B4326B2640EF2900517591 /* WeatherTableViewController.swift */ = {isa = PBXFileReference; lastKnownFileType = sourcecode.swift; path = WeatherTableViewController.swift; sourceTree = "<group>"; };
		04B4326F2640F09500517591 /* AddWeatherViewController.swift */ = {isa = PBXFileReference; lastKnownFileType = sourcecode.swift; path = AddWeatherViewController.swift; sourceTree = "<group>"; };
		04B432732640F57C00517591 /* WeatherKey.swift */ = {isa = PBXFileReference; lastKnownFileType = sourcecode.swift; path = WeatherKey.swift; sourceTree = "<group>"; };
		04E67684265DE40600FBE4E1 /* WeatherWebService.swift */ = {isa = PBXFileReference; lastKnownFileType = sourcecode.swift; path = WeatherWebService.swift; sourceTree = "<group>"; };
		04E67687265DE74500FBE4E1 /* WeatherResponse.swift */ = {isa = PBXFileReference; lastKnownFileType = sourcecode.swift; path = WeatherResponse.swift; sourceTree = "<group>"; };
		04E6768A265DE94200FBE4E1 /* AddWeatherViewModel.swift */ = {isa = PBXFileReference; lastKnownFileType = sourcecode.swift; path = AddWeatherViewModel.swift; sourceTree = "<group>"; };
		04E6768D265DE98E00FBE4E1 /* Constants.swift */ = {isa = PBXFileReference; lastKnownFileType = sourcecode.swift; path = Constants.swift; sourceTree = "<group>"; };
		04E67690265DE9B000FBE4E1 /* String + Extensions.swift */ = {isa = PBXFileReference; lastKnownFileType = sourcecode.swift; path = "String + Extensions.swift"; sourceTree = "<group>"; };
		04E67692265DEB6C00FBE4E1 /* WeatherListViewModel.swift */ = {isa = PBXFileReference; lastKnownFileType = sourcecode.swift; path = WeatherListViewModel.swift; sourceTree = "<group>"; };
		04E67694265DEF8B00FBE4E1 /* WeatherCell.swift */ = {isa = PBXFileReference; lastKnownFileType = sourcecode.swift; path = WeatherCell.swift; sourceTree = "<group>"; };
		04E67696265DF0D000FBE4E1 /* SettingViewModel.swift */ = {isa = PBXFileReference; lastKnownFileType = sourcecode.swift; path = SettingViewModel.swift; sourceTree = "<group>"; };
		04E67698265DF23500FBE4E1 /* SettingTableViewController.swift */ = {isa = PBXFileReference; lastKnownFileType = sourcecode.swift; path = SettingTableViewController.swift; sourceTree = "<group>"; };
		04FB85B5261174D2000E594A /* MVVM Example.app */ = {isa = PBXFileReference; explicitFileType = wrapper.application; includeInIndex = 0; path = "MVVM Example.app"; sourceTree = BUILT_PRODUCTS_DIR; };
		04FB85B8261174D2000E594A /* AppDelegate.swift */ = {isa = PBXFileReference; lastKnownFileType = sourcecode.swift; path = AppDelegate.swift; sourceTree = "<group>"; };
		04FB85BA261174D2000E594A /* SceneDelegate.swift */ = {isa = PBXFileReference; lastKnownFileType = sourcecode.swift; path = SceneDelegate.swift; sourceTree = "<group>"; };
		04FB85BF261174D2000E594A /* Base */ = {isa = PBXFileReference; lastKnownFileType = file.storyboard; name = Base; path = Base.lproj/Main.storyboard; sourceTree = "<group>"; };
		04FB85C1261174D4000E594A /* Assets.xcassets */ = {isa = PBXFileReference; lastKnownFileType = folder.assetcatalog; path = Assets.xcassets; sourceTree = "<group>"; };
		04FB85C4261174D4000E594A /* Base */ = {isa = PBXFileReference; lastKnownFileType = file.storyboard; name = Base; path = Base.lproj/LaunchScreen.storyboard; sourceTree = "<group>"; };
		04FB85C6261174D4000E594A /* Info.plist */ = {isa = PBXFileReference; lastKnownFileType = text.plist.xml; path = Info.plist; sourceTree = "<group>"; };
		04FB85D32611765B000E594A /* OrderTableViewController.swift */ = {isa = PBXFileReference; lastKnownFileType = sourcecode.swift; path = OrderTableViewController.swift; sourceTree = "<group>"; };
		04FB85D72611767B000E594A /* AddViewController.swift */ = {isa = PBXFileReference; lastKnownFileType = sourcecode.swift; path = AddViewController.swift; sourceTree = "<group>"; };
		04FB85DB261179D4000E594A /* Webservice.swift */ = {isa = PBXFileReference; lastKnownFileType = sourcecode.swift; path = Webservice.swift; sourceTree = "<group>"; };
		04FB85DE26117B1E000E594A /* Order.swift */ = {isa = PBXFileReference; lastKnownFileType = sourcecode.swift; path = Order.swift; sourceTree = "<group>"; };
/* End PBXFileReference section */

/* Begin PBXFrameworksBuildPhase section */
		04FB85B2261174D2000E594A /* Frameworks */ = {
			isa = PBXFrameworksBuildPhase;
			buildActionMask = 2147483647;
			files = (
			);
			runOnlyForDeploymentPostprocessing = 0;
		};
/* End PBXFrameworksBuildPhase section */

/* Begin PBXGroup section */
		04B171652667696F00826ACC /* Custom Controls */ = {
			isa = PBXGroup;
			children = (
				04B171662667697E00826ACC /* Binding TextField.swift */,
			);
			path = "Custom Controls";
			sourceTree = "<group>";
		};
		04B4326A2640EC8A00517591 /* Weather */ = {
			isa = PBXGroup;
			children = (
				04B171652667696F00826ACC /* Custom Controls */,
				04E6768F265DE9A500FBE4E1 /* Extensions */,
				04E6768C265DE98300FBE4E1 /* Utils */,
				04E67689265DE93400FBE4E1 /* ViewModels */,
				04E67686265DE72700FBE4E1 /* Models */,
				04E67683265DE3F000FBE4E1 /* Services */,
				04B4326E2640F02500517591 /* Views */,
				04B4326D2640F02000517591 /* Controllers */,
			);
			path = Weather;
			sourceTree = "<group>";
		};
		04B4326D2640F02000517591 /* Controllers */ = {
			isa = PBXGroup;
			children = (
				04B4326B2640EF2900517591 /* WeatherTableViewController.swift */,
				04B4326F2640F09500517591 /* AddWeatherViewController.swift */,
				04E67698265DF23500FBE4E1 /* SettingTableViewController.swift */,
				04B1716826676CE800826ACC /* WeatherDetailViewController.swift */,
			);
			path = Controllers;
			sourceTree = "<group>";
		};
		04B4326E2640F02500517591 /* Views */ = {
			isa = PBXGroup;
			children = (
				04E67694265DEF8B00FBE4E1 /* WeatherCell.swift */,
			);
			path = Views;
			sourceTree = "<group>";
		};
		04E67683265DE3F000FBE4E1 /* Services */ = {
			isa = PBXGroup;
			children = (
				04E67684265DE40600FBE4E1 /* WeatherWebService.swift */,
			);
			path = Services;
			sourceTree = "<group>";
		};
		04E67686265DE72700FBE4E1 /* Models */ = {
			isa = PBXGroup;
			children = (
				04E67687265DE74500FBE4E1 /* WeatherResponse.swift */,
				04E67696265DF0D000FBE4E1 /* SettingViewModel.swift */,
			);
			path = Models;
			sourceTree = "<group>";
		};
		04E67689265DE93400FBE4E1 /* ViewModels */ = {
			isa = PBXGroup;
			children = (
				04E6768A265DE94200FBE4E1 /* AddWeatherViewModel.swift */,
				04E67692265DEB6C00FBE4E1 /* WeatherListViewModel.swift */,
				04B171632667695600826ACC /* AddCityViewModel.swift */,
			);
			path = ViewModels;
			sourceTree = "<group>";
		};
		04E6768C265DE98300FBE4E1 /* Utils */ = {
			isa = PBXGroup;
			children = (
				04B432732640F57C00517591 /* WeatherKey.swift */,
				04E6768D265DE98E00FBE4E1 /* Constants.swift */,
			);
			path = Utils;
			sourceTree = "<group>";
		};
		04E6768F265DE9A500FBE4E1 /* Extensions */ = {
			isa = PBXGroup;
			children = (
				04E67690265DE9B000FBE4E1 /* String + Extensions.swift */,
			);
			path = Extensions;
			sourceTree = "<group>";
		};
		04FB85AC261174D2000E594A = {
			isa = PBXGroup;
			children = (
				04FB85B7261174D2000E594A /* MVVM Example */,
				04FB85B6261174D2000E594A /* Products */,
			);
			sourceTree = "<group>";
		};
		04FB85B6261174D2000E594A /* Products */ = {
			isa = PBXGroup;
			children = (
				04FB85B5261174D2000E594A /* MVVM Example.app */,
			);
			name = Products;
			sourceTree = "<group>";
		};
		04FB85B7261174D2000E594A /* MVVM Example */ = {
			isa = PBXGroup;
			children = (
				04B4326A2640EC8A00517591 /* Weather */,
				04FB85CD261175BF000E594A /* Order */,
				04FB85B8261174D2000E594A /* AppDelegate.swift */,
				04FB85BA261174D2000E594A /* SceneDelegate.swift */,
				04FB85BE261174D2000E594A /* Main.storyboard */,
				04FB85C1261174D4000E594A /* Assets.xcassets */,
				04FB85C3261174D4000E594A /* LaunchScreen.storyboard */,
				04FB85C6261174D4000E594A /* Info.plist */,
			);
			path = "MVVM Example";
			sourceTree = "<group>";
		};
		04FB85CD261175BF000E594A /* Order */ = {
			isa = PBXGroup;
			children = (
				04FB85DA261179C7000E594A /* Services */,
				04FB85D1261175E1000E594A /* View */,
				04FB85D0261175DC000E594A /* ViewModel */,
				04FB85CF261175D7000E594A /* Model */,
				04FB85CE261175D0000E594A /* Controllers */,
			);
			path = Order;
			sourceTree = "<group>";
		};
		04FB85CE261175D0000E594A /* Controllers */ = {
			isa = PBXGroup;
			children = (
				04FB85D32611765B000E594A /* OrderTableViewController.swift */,
				04FB85D72611767B000E594A /* AddViewController.swift */,
			);
			path = Controllers;
			sourceTree = "<group>";
		};
		04FB85CF261175D7000E594A /* Model */ = {
			isa = PBXGroup;
			children = (
				04FB85DE26117B1E000E594A /* Order.swift */,
			);
			path = Model;
			sourceTree = "<group>";
		};
		04FB85D0261175DC000E594A /* ViewModel */ = {
			isa = PBXGroup;
			children = (
				041C19FC261AAFA50025AB63 /* OrderViewModel.swift */,
				041C19FF261AB4C20025AB63 /* AddOrderViewModel.swift */,
			);
			path = ViewModel;
			sourceTree = "<group>";
		};
		04FB85D1261175E1000E594A /* View */ = {
			isa = PBXGroup;
			children = (
			);
			path = View;
			sourceTree = "<group>";
		};
		04FB85DA261179C7000E594A /* Services */ = {
			isa = PBXGroup;
			children = (
				04FB85DB261179D4000E594A /* Webservice.swift */,
			);
			path = Services;
			sourceTree = "<group>";
		};
/* End PBXGroup section */

/* Begin PBXNativeTarget section */
		04FB85B4261174D2000E594A /* MVVM Example */ = {
			isa = PBXNativeTarget;
			buildConfigurationList = 04FB85C9261174D4000E594A /* Build configuration list for PBXNativeTarget "MVVM Example" */;
			buildPhases = (
				04FB85B1261174D2000E594A /* Sources */,
				04FB85B2261174D2000E594A /* Frameworks */,
				04FB85B3261174D2000E594A /* Resources */,
			);
			buildRules = (
			);
			dependencies = (
			);
			name = "MVVM Example";
			productName = "MVVM Example";
			productReference = 04FB85B5261174D2000E594A /* MVVM Example.app */;
			productType = "com.apple.product-type.application";
		};
/* End PBXNativeTarget section */

/* Begin PBXProject section */
		04FB85AD261174D2000E594A /* Project object */ = {
			isa = PBXProject;
			attributes = {
				LastSwiftUpdateCheck = 1240;
				LastUpgradeCheck = 1240;
				TargetAttributes = {
					04FB85B4261174D2000E594A = {
						CreatedOnToolsVersion = 12.4;
					};
				};
			};
			buildConfigurationList = 04FB85B0261174D2000E594A /* Build configuration list for PBXProject "MVVM Example" */;
			compatibilityVersion = "Xcode 9.3";
			developmentRegion = en;
			hasScannedForEncodings = 0;
			knownRegions = (
				en,
				Base,
			);
			mainGroup = 04FB85AC261174D2000E594A;
			productRefGroup = 04FB85B6261174D2000E594A /* Products */;
			projectDirPath = "";
			projectRoot = "";
			targets = (
				04FB85B4261174D2000E594A /* MVVM Example */,
			);
		};
/* End PBXProject section */

/* Begin PBXResourcesBuildPhase section */
		04FB85B3261174D2000E594A /* Resources */ = {
			isa = PBXResourcesBuildPhase;
			buildActionMask = 2147483647;
			files = (
				04FB85C5261174D4000E594A /* LaunchScreen.storyboard in Resources */,
				04FB85C2261174D4000E594A /* Assets.xcassets in Resources */,
				04FB85C0261174D2000E594A /* Main.storyboard in Resources */,
			);
			runOnlyForDeploymentPostprocessing = 0;
		};
/* End PBXResourcesBuildPhase section */

/* Begin PBXSourcesBuildPhase section */
		04FB85B1261174D2000E594A /* Sources */ = {
			isa = PBXSourcesBuildPhase;
			buildActionMask = 2147483647;
			files = (
				04B171672667697E00826ACC /* Binding TextField.swift in Sources */,
				04FB85DF26117B1E000E594A /* Order.swift in Sources */,
				04E67697265DF0D000FBE4E1 /* SettingViewModel.swift in Sources */,
				04B432702640F09500517591 /* AddWeatherViewController.swift in Sources */,
				04E67695265DEF8B00FBE4E1 /* WeatherCell.swift in Sources */,
				04E67699265DF23500FBE4E1 /* SettingTableViewController.swift in Sources */,
				04B1716926676CE800826ACC /* WeatherDetailViewController.swift in Sources */,
				04B4326C2640EF2900517591 /* WeatherTableViewController.swift in Sources */,
				04FB85D42611765B000E594A /* OrderTableViewController.swift in Sources */,
				04FB85B9261174D2000E594A /* AppDelegate.swift in Sources */,
				04E67693265DEB6C00FBE4E1 /* WeatherListViewModel.swift in Sources */,
				04E6768E265DE98E00FBE4E1 /* Constants.swift in Sources */,
				04E67691265DE9B000FBE4E1 /* String + Extensions.swift in Sources */,
				04E67688265DE74500FBE4E1 /* WeatherResponse.swift in Sources */,
				041C1A00261AB4C20025AB63 /* AddOrderViewModel.swift in Sources */,
				04FB85D82611767B000E594A /* AddViewController.swift in Sources */,
				04FB85DC261179D4000E594A /* Webservice.swift in Sources */,
				04E6768B265DE94200FBE4E1 /* AddWeatherViewModel.swift in Sources */,
				041C19FD261AAFA50025AB63 /* OrderViewModel.swift in Sources */,
				04E67685265DE40600FBE4E1 /* WeatherWebService.swift in Sources */,
				04B432742640F57C00517591 /* WeatherKey.swift in Sources */,
				04FB85BB261174D2000E594A /* SceneDelegate.swift in Sources */,
				04B171642667695600826ACC /* AddCityViewModel.swift in Sources */,
			);
			runOnlyForDeploymentPostprocessing = 0;
		};
/* End PBXSourcesBuildPhase section */

/* Begin PBXVariantGroup section */
		04FB85BE261174D2000E594A /* Main.storyboard */ = {
			isa = PBXVariantGroup;
			children = (
				04FB85BF261174D2000E594A /* Base */,
			);
			name = Main.storyboard;
			sourceTree = "<group>";
		};
		04FB85C3261174D4000E594A /* LaunchScreen.storyboard */ = {
			isa = PBXVariantGroup;
			children = (
				04FB85C4261174D4000E594A /* Base */,
			);
			name = LaunchScreen.storyboard;
			sourceTree = "<group>";
		};
/* End PBXVariantGroup section */

/* Begin XCBuildConfiguration section */
		04FB85C7261174D4000E594A /* Debug */ = {
			isa = XCBuildConfiguration;
			buildSettings = {
				ALWAYS_SEARCH_USER_PATHS = NO;
				CLANG_ANALYZER_NONNULL = YES;
				CLANG_ANALYZER_NUMBER_OBJECT_CONVERSION = YES_AGGRESSIVE;
				CLANG_CXX_LANGUAGE_STANDARD = "gnu++14";
				CLANG_CXX_LIBRARY = "libc++";
				CLANG_ENABLE_MODULES = YES;
				CLANG_ENABLE_OBJC_ARC = YES;
				CLANG_ENABLE_OBJC_WEAK = YES;
				CLANG_WARN_BLOCK_CAPTURE_AUTORELEASING = YES;
				CLANG_WARN_BOOL_CONVERSION = YES;
				CLANG_WARN_COMMA = YES;
				CLANG_WARN_CONSTANT_CONVERSION = YES;
				CLANG_WARN_DEPRECATED_OBJC_IMPLEMENTATIONS = YES;
				CLANG_WARN_DIRECT_OBJC_ISA_USAGE = YES_ERROR;
				CLANG_WARN_DOCUMENTATION_COMMENTS = YES;
				CLANG_WARN_EMPTY_BODY = YES;
				CLANG_WARN_ENUM_CONVERSION = YES;
				CLANG_WARN_INFINITE_RECURSION = YES;
				CLANG_WARN_INT_CONVERSION = YES;
				CLANG_WARN_NON_LITERAL_NULL_CONVERSION = YES;
				CLANG_WARN_OBJC_IMPLICIT_RETAIN_SELF = YES;
				CLANG_WARN_OBJC_LITERAL_CONVERSION = YES;
				CLANG_WARN_OBJC_ROOT_CLASS = YES_ERROR;
				CLANG_WARN_QUOTED_INCLUDE_IN_FRAMEWORK_HEADER = YES;
				CLANG_WARN_RANGE_LOOP_ANALYSIS = YES;
				CLANG_WARN_STRICT_PROTOTYPES = YES;
				CLANG_WARN_SUSPICIOUS_MOVE = YES;
				CLANG_WARN_UNGUARDED_AVAILABILITY = YES_AGGRESSIVE;
				CLANG_WARN_UNREACHABLE_CODE = YES;
				CLANG_WARN__DUPLICATE_METHOD_MATCH = YES;
				COPY_PHASE_STRIP = NO;
				DEBUG_INFORMATION_FORMAT = dwarf;
				ENABLE_STRICT_OBJC_MSGSEND = YES;
				ENABLE_TESTABILITY = YES;
				GCC_C_LANGUAGE_STANDARD = gnu11;
				GCC_DYNAMIC_NO_PIC = NO;
				GCC_NO_COMMON_BLOCKS = YES;
				GCC_OPTIMIZATION_LEVEL = 0;
				GCC_PREPROCESSOR_DEFINITIONS = (
					"DEBUG=1",
					"$(inherited)",
				);
				GCC_WARN_64_TO_32_BIT_CONVERSION = YES;
				GCC_WARN_ABOUT_RETURN_TYPE = YES_ERROR;
				GCC_WARN_UNDECLARED_SELECTOR = YES;
				GCC_WARN_UNINITIALIZED_AUTOS = YES_AGGRESSIVE;
				GCC_WARN_UNUSED_FUNCTION = YES;
				GCC_WARN_UNUSED_VARIABLE = YES;
				IPHONEOS_DEPLOYMENT_TARGET = 14.4;
				MTL_ENABLE_DEBUG_INFO = INCLUDE_SOURCE;
				MTL_FAST_MATH = YES;
				ONLY_ACTIVE_ARCH = YES;
				SDKROOT = iphoneos;
				SWIFT_ACTIVE_COMPILATION_CONDITIONS = DEBUG;
				SWIFT_OPTIMIZATION_LEVEL = "-Onone";
			};
			name = Debug;
		};
		04FB85C8261174D4000E594A /* Release */ = {
			isa = XCBuildConfiguration;
			buildSettings = {
				ALWAYS_SEARCH_USER_PATHS = NO;
				CLANG_ANALYZER_NONNULL = YES;
				CLANG_ANALYZER_NUMBER_OBJECT_CONVERSION = YES_AGGRESSIVE;
				CLANG_CXX_LANGUAGE_STANDARD = "gnu++14";
				CLANG_CXX_LIBRARY = "libc++";
				CLANG_ENABLE_MODULES = YES;
				CLANG_ENABLE_OBJC_ARC = YES;
				CLANG_ENABLE_OBJC_WEAK = YES;
				CLANG_WARN_BLOCK_CAPTURE_AUTORELEASING = YES;
				CLANG_WARN_BOOL_CONVERSION = YES;
				CLANG_WARN_COMMA = YES;
				CLANG_WARN_CONSTANT_CONVERSION = YES;
				CLANG_WARN_DEPRECATED_OBJC_IMPLEMENTATIONS = YES;
				CLANG_WARN_DIRECT_OBJC_ISA_USAGE = YES_ERROR;
				CLANG_WARN_DOCUMENTATION_COMMENTS = YES;
				CLANG_WARN_EMPTY_BODY = YES;
				CLANG_WARN_ENUM_CONVERSION = YES;
				CLANG_WARN_INFINITE_RECURSION = YES;
				CLANG_WARN_INT_CONVERSION = YES;
				CLANG_WARN_NON_LITERAL_NULL_CONVERSION = YES;
				CLANG_WARN_OBJC_IMPLICIT_RETAIN_SELF = YES;
				CLANG_WARN_OBJC_LITERAL_CONVERSION = YES;
				CLANG_WARN_OBJC_ROOT_CLASS = YES_ERROR;
				CLANG_WARN_QUOTED_INCLUDE_IN_FRAMEWORK_HEADER = YES;
				CLANG_WARN_RANGE_LOOP_ANALYSIS = YES;
				CLANG_WARN_STRICT_PROTOTYPES = YES;
				CLANG_WARN_SUSPICIOUS_MOVE = YES;
				CLANG_WARN_UNGUARDED_AVAILABILITY = YES_AGGRESSIVE;
				CLANG_WARN_UNREACHABLE_CODE = YES;
				CLANG_WARN__DUPLICATE_METHOD_MATCH = YES;
				COPY_PHASE_STRIP = NO;
				DEBUG_INFORMATION_FORMAT = "dwarf-with-dsym";
				ENABLE_NS_ASSERTIONS = NO;
				ENABLE_STRICT_OBJC_MSGSEND = YES;
				GCC_C_LANGUAGE_STANDARD = gnu11;
				GCC_NO_COMMON_BLOCKS = YES;
				GCC_WARN_64_TO_32_BIT_CONVERSION = YES;
				GCC_WARN_ABOUT_RETURN_TYPE = YES_ERROR;
				GCC_WARN_UNDECLARED_SELECTOR = YES;
				GCC_WARN_UNINITIALIZED_AUTOS = YES_AGGRESSIVE;
				GCC_WARN_UNUSED_FUNCTION = YES;
				GCC_WARN_UNUSED_VARIABLE = YES;
				IPHONEOS_DEPLOYMENT_TARGET = 14.4;
				MTL_ENABLE_DEBUG_INFO = NO;
				MTL_FAST_MATH = YES;
				SDKROOT = iphoneos;
				SWIFT_COMPILATION_MODE = wholemodule;
				SWIFT_OPTIMIZATION_LEVEL = "-O";
				VALIDATE_PRODUCT = YES;
			};
			name = Release;
		};
		04FB85CA261174D4000E594A /* Debug */ = {
			isa = XCBuildConfiguration;
			buildSettings = {
				ASSETCATALOG_COMPILER_APPICON_NAME = AppIcon;
				ASSETCATALOG_COMPILER_GLOBAL_ACCENT_COLOR_NAME = AccentColor;
				CODE_SIGN_STYLE = Automatic;
				DEVELOPMENT_TEAM = 2F54VR68GM;
				INFOPLIST_FILE = "MVVM Example/Info.plist";
				LD_RUNPATH_SEARCH_PATHS = (
					"$(inherited)",
					"@executable_path/Frameworks",
				);
				PRODUCT_BUNDLE_IDENTIFIER = "com.fomagran.MVVM-Example";
				PRODUCT_NAME = "$(TARGET_NAME)";
				SWIFT_VERSION = 5.0;
				TARGETED_DEVICE_FAMILY = "1,2";
			};
			name = Debug;
		};
		04FB85CB261174D4000E594A /* Release */ = {
			isa = XCBuildConfiguration;
			buildSettings = {
				ASSETCATALOG_COMPILER_APPICON_NAME = AppIcon;
				ASSETCATALOG_COMPILER_GLOBAL_ACCENT_COLOR_NAME = AccentColor;
				CODE_SIGN_STYLE = Automatic;
				DEVELOPMENT_TEAM = 2F54VR68GM;
				INFOPLIST_FILE = "MVVM Example/Info.plist";
				LD_RUNPATH_SEARCH_PATHS = (
					"$(inherited)",
					"@executable_path/Frameworks",
				);
				PRODUCT_BUNDLE_IDENTIFIER = "com.fomagran.MVVM-Example";
				PRODUCT_NAME = "$(TARGET_NAME)";
				SWIFT_VERSION = 5.0;
				TARGETED_DEVICE_FAMILY = "1,2";
			};
			name = Release;
		};
/* End XCBuildConfiguration section */

/* Begin XCConfigurationList section */
		04FB85B0261174D2000E594A /* Build configuration list for PBXProject "MVVM Example" */ = {
			isa = XCConfigurationList;
			buildConfigurations = (
				04FB85C7261174D4000E594A /* Debug */,
				04FB85C8261174D4000E594A /* Release */,
			);
			defaultConfigurationIsVisible = 0;
			defaultConfigurationName = Release;
		};
		04FB85C9261174D4000E594A /* Build configuration list for PBXNativeTarget "MVVM Example" */ = {
			isa = XCConfigurationList;
			buildConfigurations = (
				04FB85CA261174D4000E594A /* Debug */,
				04FB85CB261174D4000E594A /* Release */,
			);
			defaultConfigurationIsVisible = 0;
			defaultConfigurationName = Release;
		};
/* End XCConfigurationList section */
	};
	rootObject = 04FB85AD261174D2000E594A /* Project object */;
}
